
Microsoft Visual Studio Solution File, Format Version 12.00
# Visual Studio Version 16
VisualStudioVersion = 16.0.29519.181
MinimumVisualStudioVersion = 10.0.40219.1
Project("{FAE04EC0-301F-11D3-BF4B-00C04F79EFBC}") = "random number battle", "random number battle\random number battle.csproj", "{7FE6A3F0-3BC5-40B3-AB22-865FF8EE6304}"
EndProject
Global
	GlobalSection(SolutionConfigurationPlatforms) = preSolution
		Debug|Any CPU = Debug|Any CPU
		Release|Any CPU = Release|Any CPU
	EndGlobalSection
	GlobalSection(ProjectConfigurationPlatforms) = postSolution
		{7FE6A3F0-3BC5-40B3-AB22-865FF8EE6304}.Debug|Any CPU.ActiveCfg = Debug|Any CPU
		{7FE6A3F0-3BC5-40B3-AB22-865FF8EE6304}.Debug|Any CPU.Build.0 = Debug|Any CPU
		{7FE6A3F0-3BC5-40B3-AB22-865FF8EE6304}.Release|Any CPU.ActiveCfg = Release|Any CPU
		{7FE6A3F0-3BC5-40B3-AB22-865FF8EE6304}.Release|Any CPU.Build.0 = Release|Any CPU
	EndGlobalSection
	GlobalSection(SolutionProperties) = preSolution
		HideSolutionNode = FALSE
	EndGlobalSection
	GlobalSection(ExtensibilityGlobals) = postSolution
		SolutionGuid = {0665F3F4-AB9B-4DCB-BEAE-18EEB1C11E3E}
	EndGlobalSection
EndGlobal
