
Microsoft Visual Studio Solution File, Format Version 12.00
# Visual Studio Version 16
VisualStudioVersion = 16.0.29230.47
MinimumVisualStudioVersion = 10.0.40219.1
Project("{FAE04EC0-301F-11D3-BF4B-00C04F79EFBC}") = "walnoter", "walnoter\walnoter.csproj", "{6DA1DBFB-70D2-4704-A2D7-337A9E050562}"
EndProject
Global
	GlobalSection(SolutionConfigurationPlatforms) = preSolution
		Debug|Any CPU = Debug|Any CPU
		Release|Any CPU = Release|Any CPU
	EndGlobalSection
	GlobalSection(ProjectConfigurationPlatforms) = postSolution
		{6DA1DBFB-70D2-4704-A2D7-337A9E050562}.Debug|Any CPU.ActiveCfg = Debug|Any CPU
		{6DA1DBFB-70D2-4704-A2D7-337A9E050562}.Debug|Any CPU.Build.0 = Debug|Any CPU
		{6DA1DBFB-70D2-4704-A2D7-337A9E050562}.Release|Any CPU.ActiveCfg = Release|Any CPU
		{6DA1DBFB-70D2-4704-A2D7-337A9E050562}.Release|Any CPU.Build.0 = Release|Any CPU
	EndGlobalSection
	GlobalSection(SolutionProperties) = preSolution
		HideSolutionNode = FALSE
	EndGlobalSection
	GlobalSection(ExtensibilityGlobals) = postSolution
		SolutionGuid = {58186BAC-4E01-4C88-99E8-176536A29921}
	EndGlobalSection
EndGlobal
