
Microsoft Visual Studio Solution File, Format Version 12.00
# Visual Studio Version 16
VisualStudioVersion = 16.0.29230.47
MinimumVisualStudioVersion = 10.0.40219.1
Project("{FAE04EC0-301F-11D3-BF4B-00C04F79EFBC}") = "file maker test", "file maker test\file maker test.csproj", "{E8324FE2-C5EE-4083-B13A-44A4ECE0E4CF}"
EndProject
Global
	GlobalSection(SolutionConfigurationPlatforms) = preSolution
		Debug|Any CPU = Debug|Any CPU
		Release|Any CPU = Release|Any CPU
	EndGlobalSection
	GlobalSection(ProjectConfigurationPlatforms) = postSolution
		{E8324FE2-C5EE-4083-B13A-44A4ECE0E4CF}.Debug|Any CPU.ActiveCfg = Debug|Any CPU
		{E8324FE2-C5EE-4083-B13A-44A4ECE0E4CF}.Debug|Any CPU.Build.0 = Debug|Any CPU
		{E8324FE2-C5EE-4083-B13A-44A4ECE0E4CF}.Release|Any CPU.ActiveCfg = Release|Any CPU
		{E8324FE2-C5EE-4083-B13A-44A4ECE0E4CF}.Release|Any CPU.Build.0 = Release|Any CPU
	EndGlobalSection
	GlobalSection(SolutionProperties) = preSolution
		HideSolutionNode = FALSE
	EndGlobalSection
	GlobalSection(ExtensibilityGlobals) = postSolution
		SolutionGuid = {DE2D8E9A-167A-44F8-B605-1E06210F3DF9}
	EndGlobalSection
EndGlobal
