
Microsoft Visual Studio Solution File, Format Version 12.00
# Visual Studio Version 16
VisualStudioVersion = 16.0.29230.47
MinimumVisualStudioVersion = 10.0.40219.1
Project("{FAE04EC0-301F-11D3-BF4B-00C04F79EFBC}") = "ConsoleApp15", "ConsoleApp15\ConsoleApp15.csproj", "{8523C7C2-EEE9-448A-81C6-67C0EDA1D843}"
EndProject
Global
	GlobalSection(SolutionConfigurationPlatforms) = preSolution
		Debug|Any CPU = Debug|Any CPU
		Release|Any CPU = Release|Any CPU
	EndGlobalSection
	GlobalSection(ProjectConfigurationPlatforms) = postSolution
		{8523C7C2-EEE9-448A-81C6-67C0EDA1D843}.Debug|Any CPU.ActiveCfg = Debug|Any CPU
		{8523C7C2-EEE9-448A-81C6-67C0EDA1D843}.Debug|Any CPU.Build.0 = Debug|Any CPU
		{8523C7C2-EEE9-448A-81C6-67C0EDA1D843}.Release|Any CPU.ActiveCfg = Release|Any CPU
		{8523C7C2-EEE9-448A-81C6-67C0EDA1D843}.Release|Any CPU.Build.0 = Release|Any CPU
	EndGlobalSection
	GlobalSection(SolutionProperties) = preSolution
		HideSolutionNode = FALSE
	EndGlobalSection
	GlobalSection(ExtensibilityGlobals) = postSolution
		SolutionGuid = {D453710A-8913-4227-A192-C2F3FC321688}
	EndGlobalSection
EndGlobal
