
Microsoft Visual Studio Solution File, Format Version 12.00
# Visual Studio Version 16
VisualStudioVersion = 16.0.29230.47
MinimumVisualStudioVersion = 10.0.40219.1
Project("{FAE04EC0-301F-11D3-BF4B-00C04F79EFBC}") = "project 001", "project 001\project 001.csproj", "{5780F3C7-D58F-486D-A193-C0C82B6548A2}"
EndProject
Global
	GlobalSection(SolutionConfigurationPlatforms) = preSolution
		Debug|Any CPU = Debug|Any CPU
		Release|Any CPU = Release|Any CPU
	EndGlobalSection
	GlobalSection(ProjectConfigurationPlatforms) = postSolution
		{5780F3C7-D58F-486D-A193-C0C82B6548A2}.Debug|Any CPU.ActiveCfg = Debug|Any CPU
		{5780F3C7-D58F-486D-A193-C0C82B6548A2}.Debug|Any CPU.Build.0 = Debug|Any CPU
		{5780F3C7-D58F-486D-A193-C0C82B6548A2}.Release|Any CPU.ActiveCfg = Release|Any CPU
		{5780F3C7-D58F-486D-A193-C0C82B6548A2}.Release|Any CPU.Build.0 = Release|Any CPU
	EndGlobalSection
	GlobalSection(SolutionProperties) = preSolution
		HideSolutionNode = FALSE
	EndGlobalSection
	GlobalSection(ExtensibilityGlobals) = postSolution
		SolutionGuid = {4DFAAE12-20CC-4B91-B26B-DD8CB584436A}
	EndGlobalSection
EndGlobal
