
Microsoft Visual Studio Solution File, Format Version 12.00
# Visual Studio Version 16
VisualStudioVersion = 16.0.29230.47
MinimumVisualStudioVersion = 10.0.40219.1
Project("{FAE04EC0-301F-11D3-BF4B-00C04F79EFBC}") = "opdracht 15", "opdracht 15\opdracht 15.csproj", "{AB7F85EE-2D64-4149-AFA4-2DB1803150F8}"
EndProject
Global
	GlobalSection(SolutionConfigurationPlatforms) = preSolution
		Debug|Any CPU = Debug|Any CPU
		Release|Any CPU = Release|Any CPU
	EndGlobalSection
	GlobalSection(ProjectConfigurationPlatforms) = postSolution
		{AB7F85EE-2D64-4149-AFA4-2DB1803150F8}.Debug|Any CPU.ActiveCfg = Debug|Any CPU
		{AB7F85EE-2D64-4149-AFA4-2DB1803150F8}.Debug|Any CPU.Build.0 = Debug|Any CPU
		{AB7F85EE-2D64-4149-AFA4-2DB1803150F8}.Release|Any CPU.ActiveCfg = Release|Any CPU
		{AB7F85EE-2D64-4149-AFA4-2DB1803150F8}.Release|Any CPU.Build.0 = Release|Any CPU
	EndGlobalSection
	GlobalSection(SolutionProperties) = preSolution
		HideSolutionNode = FALSE
	EndGlobalSection
	GlobalSection(ExtensibilityGlobals) = postSolution
		SolutionGuid = {19A32F23-5CFF-46F3-8F48-01F41E77EA15}
	EndGlobalSection
EndGlobal
