
Microsoft Visual Studio Solution File, Format Version 12.00
# Visual Studio Version 16
VisualStudioVersion = 16.0.29519.181
MinimumVisualStudioVersion = 10.0.40219.1
Project("{FAE04EC0-301F-11D3-BF4B-00C04F79EFBC}") = "priemgetal berekenen", "priemgetal berekenen\priemgetal berekenen.csproj", "{193D1FDC-E6A7-4B7E-B027-FE35B599F84C}"
EndProject
Global
	GlobalSection(SolutionConfigurationPlatforms) = preSolution
		Debug|Any CPU = Debug|Any CPU
		Release|Any CPU = Release|Any CPU
	EndGlobalSection
	GlobalSection(ProjectConfigurationPlatforms) = postSolution
		{193D1FDC-E6A7-4B7E-B027-FE35B599F84C}.Debug|Any CPU.ActiveCfg = Debug|Any CPU
		{193D1FDC-E6A7-4B7E-B027-FE35B599F84C}.Debug|Any CPU.Build.0 = Debug|Any CPU
		{193D1FDC-E6A7-4B7E-B027-FE35B599F84C}.Release|Any CPU.ActiveCfg = Release|Any CPU
		{193D1FDC-E6A7-4B7E-B027-FE35B599F84C}.Release|Any CPU.Build.0 = Release|Any CPU
	EndGlobalSection
	GlobalSection(SolutionProperties) = preSolution
		HideSolutionNode = FALSE
	EndGlobalSection
	GlobalSection(ExtensibilityGlobals) = postSolution
		SolutionGuid = {C38DAF51-7323-4B9F-99AF-26F844E2008C}
	EndGlobalSection
EndGlobal
