
Microsoft Visual Studio Solution File, Format Version 12.00
# Visual Studio Version 16
VisualStudioVersion = 16.0.29230.47
MinimumVisualStudioVersion = 10.0.40219.1
Project("{FAE04EC0-301F-11D3-BF4B-00C04F79EFBC}") = "opdracht zoveel", "opdracht zoveel\opdracht zoveel.csproj", "{C94FF355-E6B8-43F5-9D69-C18D8F9F5CF8}"
EndProject
Global
	GlobalSection(SolutionConfigurationPlatforms) = preSolution
		Debug|Any CPU = Debug|Any CPU
		Release|Any CPU = Release|Any CPU
	EndGlobalSection
	GlobalSection(ProjectConfigurationPlatforms) = postSolution
		{C94FF355-E6B8-43F5-9D69-C18D8F9F5CF8}.Debug|Any CPU.ActiveCfg = Debug|Any CPU
		{C94FF355-E6B8-43F5-9D69-C18D8F9F5CF8}.Debug|Any CPU.Build.0 = Debug|Any CPU
		{C94FF355-E6B8-43F5-9D69-C18D8F9F5CF8}.Release|Any CPU.ActiveCfg = Release|Any CPU
		{C94FF355-E6B8-43F5-9D69-C18D8F9F5CF8}.Release|Any CPU.Build.0 = Release|Any CPU
	EndGlobalSection
	GlobalSection(SolutionProperties) = preSolution
		HideSolutionNode = FALSE
	EndGlobalSection
	GlobalSection(ExtensibilityGlobals) = postSolution
		SolutionGuid = {31645C39-C960-42CA-833E-698A58627405}
	EndGlobalSection
EndGlobal
