
Microsoft Visual Studio Solution File, Format Version 12.00
# Visual Studio Version 16
VisualStudioVersion = 16.0.29230.47
MinimumVisualStudioVersion = 10.0.40219.1
Project("{FAE04EC0-301F-11D3-BF4B-00C04F79EFBC}") = "ConsoleApp12", "ConsoleApp12\ConsoleApp12.csproj", "{D7C8A39E-EADA-4FE6-BADE-994144504AF6}"
EndProject
Global
	GlobalSection(SolutionConfigurationPlatforms) = preSolution
		Debug|Any CPU = Debug|Any CPU
		Release|Any CPU = Release|Any CPU
	EndGlobalSection
	GlobalSection(ProjectConfigurationPlatforms) = postSolution
		{D7C8A39E-EADA-4FE6-BADE-994144504AF6}.Debug|Any CPU.ActiveCfg = Debug|Any CPU
		{D7C8A39E-EADA-4FE6-BADE-994144504AF6}.Debug|Any CPU.Build.0 = Debug|Any CPU
		{D7C8A39E-EADA-4FE6-BADE-994144504AF6}.Release|Any CPU.ActiveCfg = Release|Any CPU
		{D7C8A39E-EADA-4FE6-BADE-994144504AF6}.Release|Any CPU.Build.0 = Release|Any CPU
	EndGlobalSection
	GlobalSection(SolutionProperties) = preSolution
		HideSolutionNode = FALSE
	EndGlobalSection
	GlobalSection(ExtensibilityGlobals) = postSolution
		SolutionGuid = {45B20B5D-4796-4732-8A4D-CDD246E759F6}
	EndGlobalSection
EndGlobal
