
Microsoft Visual Studio Solution File, Format Version 12.00
# Visual Studio Version 16
VisualStudioVersion = 16.0.29230.47
MinimumVisualStudioVersion = 10.0.40219.1
Project("{FAE04EC0-301F-11D3-BF4B-00C04F79EFBC}") = "GDF_start", "GDF_start.csproj", "{D00425BE-14A2-4C2B-98E6-B607573DEF5E}"
EndProject
Global
	GlobalSection(SolutionConfigurationPlatforms) = preSolution
		Debug|Any CPU = Debug|Any CPU
		Release|Any CPU = Release|Any CPU
	EndGlobalSection
	GlobalSection(ProjectConfigurationPlatforms) = postSolution
		{D00425BE-14A2-4C2B-98E6-B607573DEF5E}.Debug|Any CPU.ActiveCfg = Debug|Any CPU
		{D00425BE-14A2-4C2B-98E6-B607573DEF5E}.Debug|Any CPU.Build.0 = Debug|Any CPU
		{D00425BE-14A2-4C2B-98E6-B607573DEF5E}.Release|Any CPU.ActiveCfg = Release|Any CPU
		{D00425BE-14A2-4C2B-98E6-B607573DEF5E}.Release|Any CPU.Build.0 = Release|Any CPU
	EndGlobalSection
	GlobalSection(SolutionProperties) = preSolution
		HideSolutionNode = FALSE
	EndGlobalSection
	GlobalSection(ExtensibilityGlobals) = postSolution
		SolutionGuid = {5C2C74E6-8370-45D5-AD11-E42E26C42FF4}
	EndGlobalSection
EndGlobal
