
Microsoft Visual Studio Solution File, Format Version 12.00
# Visual Studio Version 16
VisualStudioVersion = 16.0.29519.181
MinimumVisualStudioVersion = 10.0.40219.1
Project("{FAE04EC0-301F-11D3-BF4B-00C04F79EFBC}") = "fizzbuzz", "fizzbuzz\fizzbuzz.csproj", "{F1634B66-996E-4869-8820-29A304B3B0B6}"
EndProject
Global
	GlobalSection(SolutionConfigurationPlatforms) = preSolution
		Debug|Any CPU = Debug|Any CPU
		Release|Any CPU = Release|Any CPU
	EndGlobalSection
	GlobalSection(ProjectConfigurationPlatforms) = postSolution
		{F1634B66-996E-4869-8820-29A304B3B0B6}.Debug|Any CPU.ActiveCfg = Debug|Any CPU
		{F1634B66-996E-4869-8820-29A304B3B0B6}.Debug|Any CPU.Build.0 = Debug|Any CPU
		{F1634B66-996E-4869-8820-29A304B3B0B6}.Release|Any CPU.ActiveCfg = Release|Any CPU
		{F1634B66-996E-4869-8820-29A304B3B0B6}.Release|Any CPU.Build.0 = Release|Any CPU
	EndGlobalSection
	GlobalSection(SolutionProperties) = preSolution
		HideSolutionNode = FALSE
	EndGlobalSection
	GlobalSection(ExtensibilityGlobals) = postSolution
		SolutionGuid = {379EC0D7-EE0E-4D0C-9B46-97CF125859C4}
	EndGlobalSection
EndGlobal
